// !$*UTF8*$!
{
	archiveVersion = 1;
	classes = {
	};
	objectVersion = 46;
	objects = {

/* Begin PBXBuildFile section */
		84714DEC1B8C9C9B0089C69F /* AppDelegate.swift in Sources */ = {isa = PBXBuildFile; fileRef = 84714DEB1B8C9C9B0089C69F /* AppDelegate.swift */; };
		84714DEE1B8C9C9B0089C69F /* ViewController.swift in Sources */ = {isa = PBXBuildFile; fileRef = 84714DED1B8C9C9B0089C69F /* ViewController.swift */; };
		84714DF11B8C9C9B0089C69F /* Main.storyboard in Resources */ = {isa = PBXBuildFile; fileRef = 84714DEF1B8C9C9B0089C69F /* Main.storyboard */; };
		84714DF31B8C9C9B0089C69F /* Assets.xcassets in Resources */ = {isa = PBXBuildFile; fileRef = 84714DF21B8C9C9B0089C69F /* Assets.xcassets */; };
		84714DF61B8C9C9B0089C69F /* LaunchScreen.storyboard in Resources */ = {isa = PBXBuildFile; fileRef = 84714DF41B8C9C9B0089C69F /* LaunchScreen.storyboard */; };
		84714E011B8C9C9B0089C69F /* UITests.swift in Sources */ = {isa = PBXBuildFile; fileRef = 84714E001B8C9C9B0089C69F /* UITests.swift */; };
/* End PBXBuildFile section */

/* Begin PBXContainerItemProxy section */
		84714DFD1B8C9C9B0089C69F /* PBXContainerItemProxy */ = {
			isa = PBXContainerItemProxy;
			containerPortal = 84714DE01B8C9C9B0089C69F /* Project object */;
			proxyType = 1;
			remoteGlobalIDString = 84714DE71B8C9C9B0089C69F;
			remoteInfo = UIPickerViewTester;
		};
/* End PBXContainerItemProxy section */

/* Begin PBXFileReference section */
		84714DE81B8C9C9B0089C69F /* App.app */ = {isa = PBXFileReference; explicitFileType = wrapper.application; includeInIndex = 0; path = App.app; sourceTree = BUILT_PRODUCTS_DIR; };
		84714DEB1B8C9C9B0089C69F /* AppDelegate.swift */ = {isa = PBXFileReference; lastKnownFileType = sourcecode.swift; path = AppDelegate.swift; sourceTree = "<group>"; };
		84714DED1B8C9C9B0089C69F /* ViewController.swift */ = {isa = PBXFileReference; lastKnownFileType = sourcecode.swift; path = ViewController.swift; sourceTree = "<group>"; };
		84714DF01B8C9C9B0089C69F /* Base */ = {isa = PBXFileReference; lastKnownFileType = file.storyboard; name = Base; path = Base.lproj/Main.storyboard; sourceTree = "<group>"; };
		84714DF21B8C9C9B0089C69F /* Assets.xcassets */ = {isa = PBXFileReference; lastKnownFileType = folder.assetcatalog; path = Assets.xcassets; sourceTree = "<group>"; };
		84714DF51B8C9C9B0089C69F /* Base */ = {isa = PBXFileReference; lastKnownFileType = file.storyboard; name = Base; path = Base.lproj/LaunchScreen.storyboard; sourceTree = "<group>"; };
		84714DF71B8C9C9B0089C69F /* Info.plist */ = {isa = PBXFileReference; lastKnownFileType = text.plist.xml; path = Info.plist; sourceTree = "<group>"; };
		84714DFC1B8C9C9B0089C69F /* UITests.xctest */ = {isa = PBXFileReference; explicitFileType = wrapper.cfbundle; includeInIndex = 0; path = UITests.xctest; sourceTree = BUILT_PRODUCTS_DIR; };
		84714E001B8C9C9B0089C69F /* UITests.swift */ = {isa = PBXFileReference; lastKnownFileType = sourcecode.swift; path = UITests.swift; sourceTree = "<group>"; };
		84714E021B8C9C9B0089C69F /* Info.plist */ = {isa = PBXFileReference; lastKnownFileType = text.plist.xml; path = Info.plist; sourceTree = "<group>"; };
/* End PBXFileReference section */

/* Begin PBXFrameworksBuildPhase section */
		84714DE51B8C9C9B0089C69F /* Frameworks */ = {
			isa = PBXFrameworksBuildPhase;
			buildActionMask = 2147483647;
			files = (
			);
			runOnlyForDeploymentPostprocessing = 0;
		};
		84714DF91B8C9C9B0089C69F /* Frameworks */ = {
			isa = PBXFrameworksBuildPhase;
			buildActionMask = 2147483647;
			files = (
			);
			runOnlyForDeploymentPostprocessing = 0;
		};
/* End PBXFrameworksBuildPhase section */

/* Begin PBXGroup section */
		84714DDF1B8C9C9B0089C69F = {
			isa = PBXGroup;
			children = (
				84714DEA1B8C9C9B0089C69F /* App */,
				84714DE91B8C9C9B0089C69F /* Products */,
				84714DFF1B8C9C9B0089C69F /* UITests */,
			);
			sourceTree = "<group>";
		};
		84714DE91B8C9C9B0089C69F /* Products */ = {
			isa = PBXGroup;
			children = (
				84714DE81B8C9C9B0089C69F /* App.app */,
				84714DFC1B8C9C9B0089C69F /* UITests.xctest */,
			);
			name = Products;
			sourceTree = "<group>";
		};
		84714DEA1B8C9C9B0089C69F /* App */ = {
			isa = PBXGroup;
			children = (
				84714DEB1B8C9C9B0089C69F /* AppDelegate.swift */,
				84714DF21B8C9C9B0089C69F /* Assets.xcassets */,
				84714DF71B8C9C9B0089C69F /* Info.plist */,
				84714DF41B8C9C9B0089C69F /* LaunchScreen.storyboard */,
				84714DEF1B8C9C9B0089C69F /* Main.storyboard */,
				84714DED1B8C9C9B0089C69F /* ViewController.swift */,
			);
			path = App;
			sourceTree = "<group>";
		};
		84714DFF1B8C9C9B0089C69F /* UITests */ = {
			isa = PBXGroup;
			children = (
				84714E021B8C9C9B0089C69F /* Info.plist */,
				84714E001B8C9C9B0089C69F /* UITests.swift */,
			);
			path = UITests;
			sourceTree = "<group>";
		};
/* End PBXGroup section */

/* Begin PBXNativeTarget section */
		84714DE71B8C9C9B0089C69F /* App */ = {
			isa = PBXNativeTarget;
			buildConfigurationList = 84714E051B8C9C9B0089C69F /* Build configuration list for PBXNativeTarget "App" */;
			buildPhases = (
				84714DE41B8C9C9B0089C69F /* Sources */,
				84714DE51B8C9C9B0089C69F /* Frameworks */,
				84714DE61B8C9C9B0089C69F /* Resources */,
			);
			buildRules = (
			);
			dependencies = (
			);
			name = App;
			productName = UIPickerViewTester;
			productReference = 84714DE81B8C9C9B0089C69F /* App.app */;
			productType = "com.apple.product-type.application";
		};
		84714DFB1B8C9C9B0089C69F /* UITests */ = {
			isa = PBXNativeTarget;
			buildConfigurationList = 84714E081B8C9C9B0089C69F /* Build configuration list for PBXNativeTarget "UITests" */;
			buildPhases = (
				84714DF81B8C9C9B0089C69F /* Sources */,
				84714DF91B8C9C9B0089C69F /* Frameworks */,
				84714DFA1B8C9C9B0089C69F /* Resources */,
			);
			buildRules = (
			);
			dependencies = (
				84714DFE1B8C9C9B0089C69F /* PBXTargetDependency */,
			);
			name = UITests;
			productName = UIPickerViewTesterUITests;
			productReference = 84714DFC1B8C9C9B0089C69F /* UITests.xctest */;
			productType = "com.apple.product-type.bundle.ui-testing";
		};
/* End PBXNativeTarget section */

/* Begin PBXProject section */
		84714DE01B8C9C9B0089C69F /* Project object */ = {
			isa = PBXProject;
			attributes = {
				LastUpgradeCheck = 0700;
				ORGANIZATIONNAME = Masilotti.com;
				TargetAttributes = {
					84714DE71B8C9C9B0089C69F = {
						CreatedOnToolsVersion = 7.0;
					};
					84714DFB1B8C9C9B0089C69F = {
						CreatedOnToolsVersion = 7.0;
						DevelopmentTeam = UZ7CKQ6UYU;
						TestTargetID = 84714DE71B8C9C9B0089C69F;
					};
				};
			};
			buildConfigurationList = 84714DE31B8C9C9B0089C69F /* Build configuration list for PBXProject "UIPickerViewTester" */;
			compatibilityVersion = "Xcode 3.2";
			developmentRegion = English;
			hasScannedForEncodings = 0;
			knownRegions = (
				en,
				Base,
			);
			mainGroup = 84714DDF1B8C9C9B0089C69F;
			productRefGroup = 84714DE91B8C9C9B0089C69F /* Products */;
			projectDirPath = "";
			projectRoot = "";
			targets = (
				84714DE71B8C9C9B0089C69F /* App */,
				84714DFB1B8C9C9B0089C69F /* UITests */,
			);
		};
/* End PBXProject section */

/* Begin PBXResourcesBuildPhase section */
		84714DE61B8C9C9B0089C69F /* Resources */ = {
			isa = PBXResourcesBuildPhase;
			buildActionMask = 2147483647;
			files = (
				84714DF61B8C9C9B0089C69F /* LaunchScreen.storyboard in Resources */,
				84714DF31B8C9C9B0089C69F /* Assets.xcassets in Resources */,
				84714DF11B8C9C9B0089C69F /* Main.storyboard in Resources */,
			);
			runOnlyForDeploymentPostprocessing = 0;
		};
		84714DFA1B8C9C9B0089C69F /* Resources */ = {
			isa = PBXResourcesBuildPhase;
			buildActionMask = 2147483647;
			files = (
			);
			runOnlyForDeploymentPostprocessing = 0;
		};
/* End PBXResourcesBuildPhase section */

/* Begin PBXSourcesBuildPhase section */
		84714DE41B8C9C9B0089C69F /* Sources */ = {
			isa = PBXSourcesBuildPhase;
			buildActionMask = 2147483647;
			files = (
				84714DEE1B8C9C9B0089C69F /* ViewController.swift in Sources */,
				84714DEC1B8C9C9B0089C69F /* AppDelegate.swift in Sources */,
			);
			runOnlyForDeploymentPostprocessing = 0;
		};
		84714DF81B8C9C9B0089C69F /* Sources */ = {
			isa = PBXSourcesBuildPhase;
			buildActionMask = 2147483647;
			files = (
				84714E011B8C9C9B0089C69F /* UITests.swift in Sources */,
			);
			runOnlyForDeploymentPostprocessing = 0;
		};
/* End PBXSourcesBuildPhase section */

/* Begin PBXTargetDependency section */
		84714DFE1B8C9C9B0089C69F /* PBXTargetDependency */ = {
			isa = PBXTargetDependency;
			target = 84714DE71B8C9C9B0089C69F /* App */;
			targetProxy = 84714DFD1B8C9C9B0089C69F /* PBXContainerItemProxy */;
		};
/* End PBXTargetDependency section */

/* Begin PBXVariantGroup section */
		84714DEF1B8C9C9B0089C69F /* Main.storyboard */ = {
			isa = PBXVariantGroup;
			children = (
				84714DF01B8C9C9B0089C69F /* Base */,
			);
			name = Main.storyboard;
			sourceTree = "<group>";
		};
		84714DF41B8C9C9B0089C69F /* LaunchScreen.storyboard */ = {
			isa = PBXVariantGroup;
			children = (
				84714DF51B8C9C9B0089C69F /* Base */,
			);
			name = LaunchScreen.storyboard;
			sourceTree = "<group>";
		};
/* End PBXVariantGroup section */

/* Begin XCBuildConfiguration section */
		84714E031B8C9C9B0089C69F /* Debug */ = {
			isa = XCBuildConfiguration;
			buildSettings = {
				ALWAYS_SEARCH_USER_PATHS = NO;
				CLANG_CXX_LANGUAGE_STANDARD = "gnu++0x";
				CLANG_CXX_LIBRARY = "libc++";
				CLANG_ENABLE_MODULES = YES;
				CLANG_ENABLE_OBJC_ARC = YES;
				CLANG_WARN_BOOL_CONVERSION = YES;
				CLANG_WARN_CONSTANT_CONVERSION = YES;
				CLANG_WARN_DIRECT_OBJC_ISA_USAGE = YES_ERROR;
				CLANG_WARN_EMPTY_BODY = YES;
				CLANG_WARN_ENUM_CONVERSION = YES;
				CLANG_WARN_INT_CONVERSION = YES;
				CLANG_WARN_OBJC_ROOT_CLASS = YES_ERROR;
				CLANG_WARN_UNREACHABLE_CODE = YES;
				CLANG_WARN__DUPLICATE_METHOD_MATCH = YES;
				"CODE_SIGN_IDENTITY[sdk=iphoneos*]" = "iPhone Developer";
				COPY_PHASE_STRIP = NO;
				DEBUG_INFORMATION_FORMAT = dwarf;
				ENABLE_STRICT_OBJC_MSGSEND = YES;
				ENABLE_TESTABILITY = YES;
				GCC_C_LANGUAGE_STANDARD = gnu99;
				GCC_DYNAMIC_NO_PIC = NO;
				GCC_NO_COMMON_BLOCKS = YES;
				GCC_OPTIMIZATION_LEVEL = 0;
				GCC_PREPROCESSOR_DEFINITIONS = (
					"DEBUG=1",
					"$(inherited)",
				);
				GCC_WARN_64_TO_32_BIT_CONVERSION = YES;
				GCC_WARN_ABOUT_RETURN_TYPE = YES_ERROR;
				GCC_WARN_UNDECLARED_SELECTOR = YES;
				GCC_WARN_UNINITIALIZED_AUTOS = YES_AGGRESSIVE;
				GCC_WARN_UNUSED_FUNCTION = YES;
				GCC_WARN_UNUSED_VARIABLE = YES;
				IPHONEOS_DEPLOYMENT_TARGET = 9.0;
				MTL_ENABLE_DEBUG_INFO = YES;
				ONLY_ACTIVE_ARCH = YES;
				SDKROOT = iphoneos;
				SWIFT_OPTIMIZATION_LEVEL = "-Onone";
			};
			name = Debug;
		};
		84714E041B8C9C9B0089C69F /* Release */ = {
			isa = XCBuildConfiguration;
			buildSettings = {
				ALWAYS_SEARCH_USER_PATHS = NO;
				CLANG_CXX_LANGUAGE_STANDARD = "gnu++0x";
				CLANG_CXX_LIBRARY = "libc++";
				CLANG_ENABLE_MODULES = YES;
				CLANG_ENABLE_OBJC_ARC = YES;
				CLANG_WARN_BOOL_CONVERSION = YES;
				CLANG_WARN_CONSTANT_CONVERSION = YES;
				CLANG_WARN_DIRECT_OBJC_ISA_USAGE = YES_ERROR;
				CLANG_WARN_EMPTY_BODY = YES;
				CLANG_WARN_ENUM_CONVERSION = YES;
				CLANG_WARN_INT_CONVERSION = YES;
				CLANG_WARN_OBJC_ROOT_CLASS = YES_ERROR;
				CLANG_WARN_UNREACHABLE_CODE = YES;
				CLANG_WARN__DUPLICATE_METHOD_MATCH = YES;
				"CODE_SIGN_IDENTITY[sdk=iphoneos*]" = "iPhone Developer";
				COPY_PHASE_STRIP = NO;
				DEBUG_INFORMATION_FORMAT = "dwarf-with-dsym";
				ENABLE_NS_ASSERTIONS = NO;
				ENABLE_STRICT_OBJC_MSGSEND = YES;
				GCC_C_LANGUAGE_STANDARD = gnu99;
				GCC_NO_COMMON_BLOCKS = YES;
				GCC_WARN_64_TO_32_BIT_CONVERSION = YES;
				GCC_WARN_ABOUT_RETURN_TYPE = YES_ERROR;
				GCC_WARN_UNDECLARED_SELECTOR = YES;
				GCC_WARN_UNINITIALIZED_AUTOS = YES_AGGRESSIVE;
				GCC_WARN_UNUSED_FUNCTION = YES;
				GCC_WARN_UNUSED_VARIABLE = YES;
				IPHONEOS_DEPLOYMENT_TARGET = 9.0;
				MTL_ENABLE_DEBUG_INFO = NO;
				SDKROOT = iphoneos;
				VALIDATE_PRODUCT = YES;
			};
			name = Release;
		};
		84714E061B8C9C9B0089C69F /* Debug */ = {
			isa = XCBuildConfiguration;
			buildSettings = {
				ASSETCATALOG_COMPILER_APPICON_NAME = AppIcon;
				CODE_SIGN_IDENTITY = "iPhone Developer";
				INFOPLIST_FILE = App/Info.plist;
				LD_RUNPATH_SEARCH_PATHS = "$(inherited) @executable_path/Frameworks";
				PRODUCT_BUNDLE_IDENTIFIER = com.masilotti.UIPickerViewTester;
				PRODUCT_NAME = "$(TARGET_NAME)";
			};
			name = Debug;
		};
		84714E071B8C9C9B0089C69F /* Release */ = {
			isa = XCBuildConfiguration;
			buildSettings = {
				ASSETCATALOG_COMPILER_APPICON_NAME = AppIcon;
				CODE_SIGN_IDENTITY = "iPhone Developer";
				INFOPLIST_FILE = App/Info.plist;
				LD_RUNPATH_SEARCH_PATHS = "$(inherited) @executable_path/Frameworks";
				PRODUCT_BUNDLE_IDENTIFIER = com.masilotti.UIPickerViewTester;
				PRODUCT_NAME = "$(TARGET_NAME)";
			};
			name = Release;
		};
		84714E091B8C9C9B0089C69F /* Debug */ = {
			isa = XCBuildConfiguration;
			buildSettings = {
				INFOPLIST_FILE = UITests/Info.plist;
				LD_RUNPATH_SEARCH_PATHS = "$(inherited) @executable_path/Frameworks @loader_path/Frameworks";
				PRODUCT_BUNDLE_IDENTIFIER = com.masilotti.UIPickerViewTesterUITests;
				PRODUCT_NAME = "$(TARGET_NAME)";
				PROVISIONING_PROFILE = "";
				TEST_TARGET_NAME = App;
				USES_XCTRUNNER = YES;
			};
			name = Debug;
		};
		84714E0A1B8C9C9B0089C69F /* Release */ = {
			isa = XCBuildConfiguration;
			buildSettings = {
				INFOPLIST_FILE = UITests/Info.plist;
				LD_RUNPATH_SEARCH_PATHS = "$(inherited) @executable_path/Frameworks @loader_path/Frameworks";
				PRODUCT_BUNDLE_IDENTIFIER = com.masilotti.UIPickerViewTesterUITests;
				PRODUCT_NAME = "$(TARGET_NAME)";
				PROVISIONING_PROFILE = "";
				TEST_TARGET_NAME = App;
				USES_XCTRUNNER = YES;
			};
			name = Release;
		};
/* End XCBuildConfiguration section */

/* Begin XCConfigurationList section */
		84714DE31B8C9C9B0089C69F /* Build configuration list for PBXProject "UIPickerViewTester" */ = {
			isa = XCConfigurationList;
			buildConfigurations = (
				84714E031B8C9C9B0089C69F /* Debug */,
				84714E041B8C9C9B0089C69F /* Release */,
			);
			defaultConfigurationIsVisible = 0;
			defaultConfigurationName = Release;
		};
		84714E051B8C9C9B0089C69F /* Build configuration list for PBXNativeTarget "App" */ = {
			isa = XCConfigurationList;
			buildConfigurations = (
				84714E061B8C9C9B0089C69F /* Debug */,
				84714E071B8C9C9B0089C69F /* Release */,
			);
			defaultConfigurationIsVisible = 0;
			defaultConfigurationName = Release;
		};
		84714E081B8C9C9B0089C69F /* Build configuration list for PBXNativeTarget "UITests" */ = {
			isa = XCConfigurationList;
			buildConfigurations = (
				84714E091B8C9C9B0089C69F /* Debug */,
				84714E0A1B8C9C9B0089C69F /* Release */,
			);
			defaultConfigurationIsVisible = 0;
			defaultConfigurationName = Release;
		};
/* End XCConfigurationList section */
	};
	rootObject = 84714DE01B8C9C9B0089C69F /* Project object */;
}
